
Microsoft Visual Studio Solution File, Format Version 12.00
# Visual Studio 15
VisualStudioVersion = 15.0.28307.1062
MinimumVisualStudioVersion = 10.0.40219.1
Project("{FAE04EC0-301F-11D3-BF4B-00C04F79EFBC}") = "Ex03.ConsoleUI", "Ex03.ConsoleUI\Ex03.ConsoleUI.csproj", "{1DEAEAD4-2948-4F01-A475-B82E7A6713A1}"
EndProject
Project("{FAE04EC0-301F-11D3-BF4B-00C04F79EFBC}") = "Ex03.GarageLogic", "Ex03.GarageLogic\Ex03.GarageLogic.csproj", "{CB4A23FA-7897-4366-B5E8-8C6DB0C1AE99}"
EndProject
Global
	GlobalSection(SolutionConfigurationPlatforms) = preSolution
		Debug|Any CPU = Debug|Any CPU
		Release|Any CPU = Release|Any CPU
	EndGlobalSection
	GlobalSection(ProjectConfigurationPlatforms) = postSolution
		{1DEAEAD4-2948-4F01-A475-B82E7A6713A1}.Debug|Any CPU.ActiveCfg = Debug|Any CPU
		{1DEAEAD4-2948-4F01-A475-B82E7A6713A1}.Debug|Any CPU.Build.0 = Debug|Any CPU
		{1DEAEAD4-2948-4F01-A475-B82E7A6713A1}.Release|Any CPU.ActiveCfg = Release|Any CPU
		{1DEAEAD4-2948-4F01-A475-B82E7A6713A1}.Release|Any CPU.Build.0 = Release|Any CPU
		{CB4A23FA-7897-4366-B5E8-8C6DB0C1AE99}.Debug|Any CPU.ActiveCfg = Debug|Any CPU
		{CB4A23FA-7897-4366-B5E8-8C6DB0C1AE99}.Debug|Any CPU.Build.0 = Debug|Any CPU
		{CB4A23FA-7897-4366-B5E8-8C6DB0C1AE99}.Release|Any CPU.ActiveCfg = Release|Any CPU
		{CB4A23FA-7897-4366-B5E8-8C6DB0C1AE99}.Release|Any CPU.Build.0 = Release|Any CPU
	EndGlobalSection
	GlobalSection(SolutionProperties) = preSolution
		HideSolutionNode = FALSE
	EndGlobalSection
	GlobalSection(ExtensibilityGlobals) = postSolution
		SolutionGuid = {CD4DDF2E-8124-45D2-8F9E-AC8A4226445E}
	EndGlobalSection
EndGlobal
